
Microsoft Visual Studio Solution File, Format Version 12.00
# Visual Studio Version 16
VisualStudioVersion = 16.0.30523.141
MinimumVisualStudioVersion = 10.0.40219.1
Project("{9A19103F-16F7-4668-BE54-9A1E7A4F7556}") = "R8.Lib", "R8.Lib\R8.Lib.csproj", "{3157B0A8-1ACA-4AB0-A757-42F2C2852C18}"
EndProject
Global
	GlobalSection(SolutionConfigurationPlatforms) = preSolution
		Debug|Any CPU = Debug|Any CPU
		Release|Any CPU = Release|Any CPU
	EndGlobalSection
	GlobalSection(ProjectConfigurationPlatforms) = postSolution
		{3157B0A8-1ACA-4AB0-A757-42F2C2852C18}.Debug|Any CPU.ActiveCfg = Debug|Any CPU
		{3157B0A8-1ACA-4AB0-A757-42F2C2852C18}.Debug|Any CPU.Build.0 = Debug|Any CPU
		{3157B0A8-1ACA-4AB0-A757-42F2C2852C18}.Release|Any CPU.ActiveCfg = Release|Any CPU
		{3157B0A8-1ACA-4AB0-A757-42F2C2852C18}.Release|Any CPU.Build.0 = Release|Any CPU
	EndGlobalSection
	GlobalSection(SolutionProperties) = preSolution
		HideSolutionNode = FALSE
	EndGlobalSection
	GlobalSection(ExtensibilityGlobals) = postSolution
		SolutionGuid = {335BA588-BA31-47FF-A0BE-3C61EA63F88D}
	EndGlobalSection
EndGlobal
