
Microsoft Visual Studio Solution File, Format Version 12.00
# Visual Studio Version 16
VisualStudioVersion = 16.0.30523.141
MinimumVisualStudioVersion = 10.0.40219.1
Project("{9A19103F-16F7-4668-BE54-9A1E7A4F7556}") = "R8.Lib", "src\netcoreapp3.1\R8.Lib\R8.Lib.csproj", "{3157B0A8-1ACA-4AB0-A757-42F2C2852C18}"
EndProject
Project("{9A19103F-16F7-4668-BE54-9A1E7A4F7556}") = "R8.AspNetCore", "src\aspcore3.1\R8.AspNetCore\R8.AspNetCore.csproj", "{897ED8D2-D1F4-4844-A570-9927C2016A60}"
EndProject
Project("{9A19103F-16F7-4668-BE54-9A1E7A4F7556}") = "R8.FileHandlers", "src\netcoreapp3.1\R8.FileHandlers\R8.FileHandlers.csproj", "{9A55C3EB-BE04-40B5-B95F-3FC6076A26D7}"
EndProject
Project("{9A19103F-16F7-4668-BE54-9A1E7A4F7556}") = "R8.EntityFrameworkCore", "src\netcoreapp3.1\R8.EntityFrameworkCore\R8.EntityFrameworkCore.csproj", "{B1AEF6C9-6D41-4393-A77A-46F07C5BF024}"
EndProject
Project("{2150E333-8FDC-42A3-9474-1A3956D46DE8}") = "src", "src", "{9C6EA3D5-AF4B-40BD-A0CD-A718C5344DAE}"
EndProject
Project("{2150E333-8FDC-42A3-9474-1A3956D46DE8}") = "test", "test", "{9EA6BCCA-68CA-400C-B2D0-F7414AE27CC8}"
EndProject
Project("{2150E333-8FDC-42A3-9474-1A3956D46DE8}") = "netcoreapp3.1", "netcoreapp3.1", "{2DE432C9-139B-40E8-9F80-0FBE4D414271}"
EndProject
Project("{2150E333-8FDC-42A3-9474-1A3956D46DE8}") = "aspcore3.1", "aspcore3.1", "{C7D40290-B2BE-45CB-A3B9-C4E130587BA7}"
EndProject
Project("{2150E333-8FDC-42A3-9474-1A3956D46DE8}") = "demo", "demo", "{B5B17967-1E08-4CE3-9720-BDC021DFEC6C}"
EndProject
Project("{9A19103F-16F7-4668-BE54-9A1E7A4F7556}") = "R8.AspNetCore.Demo", "demo\R8.AspNetCore.Demo.csproj", "{C973A60D-82F8-4C43-8D02-7BEA79924405}"
EndProject
Project("{9A19103F-16F7-4668-BE54-9A1E7A4F7556}") = "R8.GoogleAnalytics", "src\netcoreapp3.1\R8.GoogleAnalytics\R8.GoogleAnalytics.csproj", "{ACC98457-9CA5-472B-8E7E-681C009B38FD}"
EndProject
Project("{FAE04EC0-301F-11D3-BF4B-00C04F79EFBC}") = "R8.Lib.Test", "test\R8.Lib.Test\R8.Lib.Test.csproj", "{8F86ED44-548A-4490-A691-1594C80610A6}"
EndProject
Project("{FAE04EC0-301F-11D3-BF4B-00C04F79EFBC}") = "R8.Test.Constants", "test\R8.Test.Constants\R8.Test.Constants.csproj", "{274CD7CA-59F9-4C13-962B-8BB07050D2C5}"
EndProject
Project("{FAE04EC0-301F-11D3-BF4B-00C04F79EFBC}") = "R8.AspNetCore.Test", "test\R8.AspNetCore.Test\R8.AspNetCore.Test.csproj", "{9E11BB6E-9D5A-41BD-BB8B-6FF998B671EA}"
EndProject
Project("{FAE04EC0-301F-11D3-BF4B-00C04F79EFBC}") = "R8.FileHandlers.Test", "test\R8.FileHandlers.Test\R8.FileHandlers.Test.csproj", "{0E6A6A8F-3AD8-406E-8451-BF771F4280F8}"
EndProject
Project("{FAE04EC0-301F-11D3-BF4B-00C04F79EFBC}") = "R8.GoogleAnalytics.Test", "test\R8.GoogleAnalytics.Test\R8.GoogleAnalytics.Test.csproj", "{8E6A4F0A-E0DB-4B81-8E96-B82B8EFCAE2C}"
EndProject
Global
	GlobalSection(SolutionConfigurationPlatforms) = preSolution
		Debug|Any CPU = Debug|Any CPU
		Release|Any CPU = Release|Any CPU
	EndGlobalSection
	GlobalSection(ProjectConfigurationPlatforms) = postSolution
		{3157B0A8-1ACA-4AB0-A757-42F2C2852C18}.Debug|Any CPU.ActiveCfg = Debug|Any CPU
		{3157B0A8-1ACA-4AB0-A757-42F2C2852C18}.Debug|Any CPU.Build.0 = Debug|Any CPU
		{3157B0A8-1ACA-4AB0-A757-42F2C2852C18}.Release|Any CPU.ActiveCfg = Release|Any CPU
		{3157B0A8-1ACA-4AB0-A757-42F2C2852C18}.Release|Any CPU.Build.0 = Release|Any CPU
		{897ED8D2-D1F4-4844-A570-9927C2016A60}.Debug|Any CPU.ActiveCfg = Debug|Any CPU
		{897ED8D2-D1F4-4844-A570-9927C2016A60}.Debug|Any CPU.Build.0 = Debug|Any CPU
		{897ED8D2-D1F4-4844-A570-9927C2016A60}.Release|Any CPU.ActiveCfg = Release|Any CPU
		{897ED8D2-D1F4-4844-A570-9927C2016A60}.Release|Any CPU.Build.0 = Release|Any CPU
		{9A55C3EB-BE04-40B5-B95F-3FC6076A26D7}.Debug|Any CPU.ActiveCfg = Debug|Any CPU
		{9A55C3EB-BE04-40B5-B95F-3FC6076A26D7}.Debug|Any CPU.Build.0 = Debug|Any CPU
		{9A55C3EB-BE04-40B5-B95F-3FC6076A26D7}.Release|Any CPU.ActiveCfg = Release|Any CPU
		{9A55C3EB-BE04-40B5-B95F-3FC6076A26D7}.Release|Any CPU.Build.0 = Release|Any CPU
		{B1AEF6C9-6D41-4393-A77A-46F07C5BF024}.Debug|Any CPU.ActiveCfg = Debug|Any CPU
		{B1AEF6C9-6D41-4393-A77A-46F07C5BF024}.Debug|Any CPU.Build.0 = Debug|Any CPU
		{B1AEF6C9-6D41-4393-A77A-46F07C5BF024}.Release|Any CPU.ActiveCfg = Release|Any CPU
		{B1AEF6C9-6D41-4393-A77A-46F07C5BF024}.Release|Any CPU.Build.0 = Release|Any CPU
		{C973A60D-82F8-4C43-8D02-7BEA79924405}.Debug|Any CPU.ActiveCfg = Debug|Any CPU
		{C973A60D-82F8-4C43-8D02-7BEA79924405}.Debug|Any CPU.Build.0 = Debug|Any CPU
		{C973A60D-82F8-4C43-8D02-7BEA79924405}.Release|Any CPU.ActiveCfg = Release|Any CPU
		{C973A60D-82F8-4C43-8D02-7BEA79924405}.Release|Any CPU.Build.0 = Release|Any CPU
		{ACC98457-9CA5-472B-8E7E-681C009B38FD}.Debug|Any CPU.ActiveCfg = Debug|Any CPU
		{ACC98457-9CA5-472B-8E7E-681C009B38FD}.Debug|Any CPU.Build.0 = Debug|Any CPU
		{ACC98457-9CA5-472B-8E7E-681C009B38FD}.Release|Any CPU.ActiveCfg = Release|Any CPU
		{ACC98457-9CA5-472B-8E7E-681C009B38FD}.Release|Any CPU.Build.0 = Release|Any CPU
		{8F86ED44-548A-4490-A691-1594C80610A6}.Debug|Any CPU.ActiveCfg = Debug|Any CPU
		{8F86ED44-548A-4490-A691-1594C80610A6}.Debug|Any CPU.Build.0 = Debug|Any CPU
		{8F86ED44-548A-4490-A691-1594C80610A6}.Release|Any CPU.ActiveCfg = Release|Any CPU
		{8F86ED44-548A-4490-A691-1594C80610A6}.Release|Any CPU.Build.0 = Release|Any CPU
		{274CD7CA-59F9-4C13-962B-8BB07050D2C5}.Debug|Any CPU.ActiveCfg = Debug|Any CPU
		{274CD7CA-59F9-4C13-962B-8BB07050D2C5}.Debug|Any CPU.Build.0 = Debug|Any CPU
		{274CD7CA-59F9-4C13-962B-8BB07050D2C5}.Release|Any CPU.ActiveCfg = Release|Any CPU
		{274CD7CA-59F9-4C13-962B-8BB07050D2C5}.Release|Any CPU.Build.0 = Release|Any CPU
		{9E11BB6E-9D5A-41BD-BB8B-6FF998B671EA}.Debug|Any CPU.ActiveCfg = Debug|Any CPU
		{9E11BB6E-9D5A-41BD-BB8B-6FF998B671EA}.Debug|Any CPU.Build.0 = Debug|Any CPU
		{9E11BB6E-9D5A-41BD-BB8B-6FF998B671EA}.Release|Any CPU.ActiveCfg = Release|Any CPU
		{9E11BB6E-9D5A-41BD-BB8B-6FF998B671EA}.Release|Any CPU.Build.0 = Release|Any CPU
		{0E6A6A8F-3AD8-406E-8451-BF771F4280F8}.Debug|Any CPU.ActiveCfg = Debug|Any CPU
		{0E6A6A8F-3AD8-406E-8451-BF771F4280F8}.Debug|Any CPU.Build.0 = Debug|Any CPU
		{0E6A6A8F-3AD8-406E-8451-BF771F4280F8}.Release|Any CPU.ActiveCfg = Release|Any CPU
		{0E6A6A8F-3AD8-406E-8451-BF771F4280F8}.Release|Any CPU.Build.0 = Release|Any CPU
		{8E6A4F0A-E0DB-4B81-8E96-B82B8EFCAE2C}.Debug|Any CPU.ActiveCfg = Debug|Any CPU
		{8E6A4F0A-E0DB-4B81-8E96-B82B8EFCAE2C}.Debug|Any CPU.Build.0 = Debug|Any CPU
		{8E6A4F0A-E0DB-4B81-8E96-B82B8EFCAE2C}.Release|Any CPU.ActiveCfg = Release|Any CPU
		{8E6A4F0A-E0DB-4B81-8E96-B82B8EFCAE2C}.Release|Any CPU.Build.0 = Release|Any CPU
	EndGlobalSection
	GlobalSection(SolutionProperties) = preSolution
		HideSolutionNode = FALSE
	EndGlobalSection
	GlobalSection(NestedProjects) = preSolution
		{3157B0A8-1ACA-4AB0-A757-42F2C2852C18} = {2DE432C9-139B-40E8-9F80-0FBE4D414271}
		{897ED8D2-D1F4-4844-A570-9927C2016A60} = {C7D40290-B2BE-45CB-A3B9-C4E130587BA7}
		{9A55C3EB-BE04-40B5-B95F-3FC6076A26D7} = {2DE432C9-139B-40E8-9F80-0FBE4D414271}
		{B1AEF6C9-6D41-4393-A77A-46F07C5BF024} = {2DE432C9-139B-40E8-9F80-0FBE4D414271}
		{2DE432C9-139B-40E8-9F80-0FBE4D414271} = {9C6EA3D5-AF4B-40BD-A0CD-A718C5344DAE}
		{C7D40290-B2BE-45CB-A3B9-C4E130587BA7} = {9C6EA3D5-AF4B-40BD-A0CD-A718C5344DAE}
		{C973A60D-82F8-4C43-8D02-7BEA79924405} = {B5B17967-1E08-4CE3-9720-BDC021DFEC6C}
		{ACC98457-9CA5-472B-8E7E-681C009B38FD} = {2DE432C9-139B-40E8-9F80-0FBE4D414271}
		{8F86ED44-548A-4490-A691-1594C80610A6} = {9EA6BCCA-68CA-400C-B2D0-F7414AE27CC8}
		{274CD7CA-59F9-4C13-962B-8BB07050D2C5} = {9EA6BCCA-68CA-400C-B2D0-F7414AE27CC8}
		{9E11BB6E-9D5A-41BD-BB8B-6FF998B671EA} = {9EA6BCCA-68CA-400C-B2D0-F7414AE27CC8}
		{0E6A6A8F-3AD8-406E-8451-BF771F4280F8} = {9EA6BCCA-68CA-400C-B2D0-F7414AE27CC8}
		{8E6A4F0A-E0DB-4B81-8E96-B82B8EFCAE2C} = {9EA6BCCA-68CA-400C-B2D0-F7414AE27CC8}
	EndGlobalSection
	GlobalSection(ExtensibilityGlobals) = postSolution
		SolutionGuid = {335BA588-BA31-47FF-A0BE-3C61EA63F88D}
	EndGlobalSection
EndGlobal
